// !$*UTF8*$!
{
	archiveVersion = 1;
	classes = {
	};
	objectVersion = 51;
	objects = {

/* Begin PBXBuildFile section */
		1306250223207717007031D6 /* ContactsTableViewController.swift in Sources */ = {isa = PBXBuildFile; fileRef = 1306250123207717007031D6 /* ContactsTableViewController.swift */; };
		1306250423207EE9007031D6 /* CountryCode.swift in Sources */ = {isa = PBXBuildFile; fileRef = 1306250323207EE9007031D6 /* CountryCode.swift */; };
		1314D0BC2327044D0037EAD3 /* CallTableViewCell.swift in Sources */ = {isa = PBXBuildFile; fileRef = 1314D0BB2327044D0037EAD3 /* CallTableViewCell.swift */; };
		1314D0BE232705660037EAD3 /* Call.swift in Sources */ = {isa = PBXBuildFile; fileRef = 1314D0BD232705660037EAD3 /* Call.swift */; };
		1314D0C023270CBB0037EAD3 /* CallTableViewController.swift in Sources */ = {isa = PBXBuildFile; fileRef = 1314D0BF23270CBB0037EAD3 /* CallTableViewController.swift */; };
		132C8905231DCDC0005D392C /* PicturesCollectionViewController.swift in Sources */ = {isa = PBXBuildFile; fileRef = 132C8904231DCDC0005D392C /* PicturesCollectionViewController.swift */; };
		132C8907231DCE07005D392C /* PicturesCollectionViewCell.swift in Sources */ = {isa = PBXBuildFile; fileRef = 132C8906231DCE07005D392C /* PicturesCollectionViewCell.swift */; };
		1333B8D92320B6BE0017A3A6 /* GroupMemberCollectionViewCell.swift in Sources */ = {isa = PBXBuildFile; fileRef = 1333B8D82320B6BE0017A3A6 /* GroupMemberCollectionViewCell.swift */; };
		1333B8DB2320B8F20017A3A6 /* NewGroupViewController.swift in Sources */ = {isa = PBXBuildFile; fileRef = 1333B8DA2320B8F20017A3A6 /* NewGroupViewController.swift */; };
		134AD5E623274766009CC894 /* PushKit.framework in Frameworks */ = {isa = PBXBuildFile; fileRef = 134AD5E523274766009CC894 /* PushKit.framework */; };
		13B02B3423209D15007F9463 /* JSQMessagesInputToolBarExtension.swift in Sources */ = {isa = PBXBuildFile; fileRef = 13B02B3323209D15007F9463 /* JSQMessagesInputToolBarExtension.swift */; };
		13C83841231F41F60072666E /* BlockedUsersViewController.swift in Sources */ = {isa = PBXBuildFile; fileRef = 13C83840231F41F60072666E /* BlockedUsersViewController.swift */; };
		13C83843231F570D0072666E /* BackgroundCollectionViewController.swift in Sources */ = {isa = PBXBuildFile; fileRef = 13C83842231F570D0072666E /* BackgroundCollectionViewController.swift */; };
		13C83845231F572D0072666E /* BackgroundCollectionViewCell.swift in Sources */ = {isa = PBXBuildFile; fileRef = 13C83844231F572D0072666E /* BackgroundCollectionViewCell.swift */; };
		13C83847231F5C6F0072666E /* TermsAndConditionsViewController.swift in Sources */ = {isa = PBXBuildFile; fileRef = 13C83846231F5C6F0072666E /* TermsAndConditionsViewController.swift */; };
		13C83849231F5EC30072666E /* EditProfileTableViewController.swift in Sources */ = {isa = PBXBuildFile; fileRef = 13C83848231F5EC30072666E /* EditProfileTableViewController.swift */; };
		13D142D523231DD600B25E4C /* Encryption.swift in Sources */ = {isa = PBXBuildFile; fileRef = 13D142D423231DD600B25E4C /* Encryption.swift */; };
		13E8B5D72321C3D400327D80 /* Group.swift in Sources */ = {isa = PBXBuildFile; fileRef = 13E8B5D62321C3D400327D80 /* Group.swift */; };
		13E8B5D92321DA2D00327D80 /* GroupViewController.swift in Sources */ = {isa = PBXBuildFile; fileRef = 13E8B5D82321DA2D00327D80 /* GroupViewController.swift */; };
		13E8B5DB2321E08200327D80 /* InviteUsersTableViewController.swift in Sources */ = {isa = PBXBuildFile; fileRef = 13E8B5DA2321E08200327D80 /* InviteUsersTableViewController.swift */; };
		13F0B10C2323C2EA0083E7DB /* PushNotifications.swift in Sources */ = {isa = PBXBuildFile; fileRef = 13F0B10B2323C2EA0083E7DB /* PushNotifications.swift */; };
		13F0B12B2323CB500083E7DB /* NotificationService.swift in Sources */ = {isa = PBXBuildFile; fileRef = 13F0B12A2323CB500083E7DB /* NotificationService.swift */; };
		13F0B12F2323CB500083E7DB /* OneSignalNotificationServiceExtension.appex in Embed App Extensions */ = {isa = PBXBuildFile; fileRef = 13F0B1282323CB500083E7DB /* OneSignalNotificationServiceExtension.appex */; settings = {ATTRIBUTES = (RemoveHeadersOnCopy, ); }; };
		8409E10E23097D92009E1086 /* ChatViewController.swift in Sources */ = {isa = PBXBuildFile; fileRef = 8409E10D23097D92009E1086 /* ChatViewController.swift */; };
		8409E110230A0A70009E1086 /* OutgoingMessage.swift in Sources */ = {isa = PBXBuildFile; fileRef = 8409E10F230A0A70009E1086 /* OutgoingMessage.swift */; };
		8409E112230A134A009E1086 /* IncomingMessages.swift in Sources */ = {isa = PBXBuildFile; fileRef = 8409E111230A134A009E1086 /* IncomingMessages.swift */; };
		842920822304F4AB005160CA /* ProfileViewTableViewController.swift in Sources */ = {isa = PBXBuildFile; fileRef = 842920812304F4AB005160CA /* ProfileViewTableViewController.swift */; };
		843DAD5C230AD81F000BA321 /* RegisterViewController.swift in Sources */ = {isa = PBXBuildFile; fileRef = 843DAD5B230AD81F000BA321 /* RegisterViewController.swift */; };
		845200F5230CD6C500699EE4 /* Camera.swift in Sources */ = {isa = PBXBuildFile; fileRef = 845200F4230CD6C500699EE4 /* Camera.swift */; };
		845200F7230CE85300699EE4 /* DownloadManager.swift in Sources */ = {isa = PBXBuildFile; fileRef = 845200F6230CE85300699EE4 /* DownloadManager.swift */; };
		845200F9230CF78000699EE4 /* PhotoMediaItem.swift in Sources */ = {isa = PBXBuildFile; fileRef = 845200F8230CF78000699EE4 /* PhotoMediaItem.swift */; };
		84695ED5231779E8000408E4 /* VideoMessage.swift in Sources */ = {isa = PBXBuildFile; fileRef = 84695ED4231779E8000408E4 /* VideoMessage.swift */; };
		84695ED723178909000408E4 /* AudioViewController.swift in Sources */ = {isa = PBXBuildFile; fileRef = 84695ED623178909000408E4 /* AudioViewController.swift */; };
		847068B522F611E600DCB6BA /* GoogleService-Info.plist in Resources */ = {isa = PBXBuildFile; fileRef = 847068B422F611E600DCB6BA /* GoogleService-Info.plist */; };
		847068B722F6154400DCB6BA /* FUser.swift in Sources */ = {isa = PBXBuildFile; fileRef = 847068B622F6154400DCB6BA /* FUser.swift */; };
		847068B922F615AA00DCB6BA /* Constants.swift in Sources */ = {isa = PBXBuildFile; fileRef = 847068B822F615AA00DCB6BA /* Constants.swift */; };
		847068BB22F6197900DCB6BA /* FCollectionReference.swift in Sources */ = {isa = PBXBuildFile; fileRef = 847068BA22F6197900DCB6BA /* FCollectionReference.swift */; };
		847068BE22F61B4200DCB6BA /* HelperFunctions.swift in Sources */ = {isa = PBXBuildFile; fileRef = 847068BD22F61B4200DCB6BA /* HelperFunctions.swift */; };
		847068C122F68A9700DCB6BA /* FinishRegistrationViewController.swift in Sources */ = {isa = PBXBuildFile; fileRef = 847068C022F68A9700DCB6BA /* FinishRegistrationViewController.swift */; };
		847068C322F6B6F000DCB6BA /* SettingsTableViewController.swift in Sources */ = {isa = PBXBuildFile; fileRef = 847068C222F6B6F000DCB6BA /* SettingsTableViewController.swift */; };
		84B92A7522F5EE5B0043B283 /* AppDelegate.swift in Sources */ = {isa = PBXBuildFile; fileRef = 84B92A7422F5EE5B0043B283 /* AppDelegate.swift */; };
		84B92A7722F5EE5B0043B283 /* LoginViewController.swift in Sources */ = {isa = PBXBuildFile; fileRef = 84B92A7622F5EE5B0043B283 /* LoginViewController.swift */; };
		84B92A7A22F5EE5B0043B283 /* Main.storyboard in Resources */ = {isa = PBXBuildFile; fileRef = 84B92A7822F5EE5B0043B283 /* Main.storyboard */; };
		84B92A7C22F5EE5E0043B283 /* Assets.xcassets in Resources */ = {isa = PBXBuildFile; fileRef = 84B92A7B22F5EE5E0043B283 /* Assets.xcassets */; };
		84B92A7F22F5EE5E0043B283 /* LaunchScreen.storyboard in Resources */ = {isa = PBXBuildFile; fileRef = 84B92A7D22F5EE5E0043B283 /* LaunchScreen.storyboard */; };
		84C5FB042318A394001F840A /* MapViewController.swift in Sources */ = {isa = PBXBuildFile; fileRef = 84C5FB032318A394001F840A /* MapViewController.swift */; };
		84C7163A23063F5300BE5C52 /* Recent.swift in Sources */ = {isa = PBXBuildFile; fileRef = 84C7163923063F5300BE5C52 /* Recent.swift */; };
		84C7163C23065B8200BE5C52 /* RecentChatsTableViewCell.swift in Sources */ = {isa = PBXBuildFile; fileRef = 84C7163B23065B8200BE5C52 /* RecentChatsTableViewCell.swift */; };
		84D747FB230222BA004AEA88 /* UserTableViewCell.swift in Sources */ = {isa = PBXBuildFile; fileRef = 84D747FA230222BA004AEA88 /* UserTableViewCell.swift */; };
		84D747FD23022D52004AEA88 /* UsersTableViewController.swift in Sources */ = {isa = PBXBuildFile; fileRef = 84D747FC23022D52004AEA88 /* UsersTableViewController.swift */; };
		84D747FF230264A7004AEA88 /* ChatsViewController.swift in Sources */ = {isa = PBXBuildFile; fileRef = 84D747FE230264A7004AEA88 /* ChatsViewController.swift */; };
		D1D82F566201DC88A039EF41 /* Pods_OneSignalNotificationServiceExtension.framework in Frameworks */ = {isa = PBXBuildFile; fileRef = 08A6F61652CC041FC31D8EBE /* Pods_OneSignalNotificationServiceExtension.framework */; };
		DF686270D82318163DD60B1D /* Pods_ShaftChat.framework in Frameworks */ = {isa = PBXBuildFile; fileRef = 892D2A9A729F73808FA0E154 /* Pods_ShaftChat.framework */; };
/* End PBXBuildFile section */

/* Begin PBXContainerItemProxy section */
		13F0B12D2323CB500083E7DB /* PBXContainerItemProxy */ = {
			isa = PBXContainerItemProxy;
			containerPortal = 84B92A6922F5EE5B0043B283 /* Project object */;
			proxyType = 1;
			remoteGlobalIDString = 13F0B1272323CB500083E7DB;
			remoteInfo = OneSignalNotificationServiceExtension;
		};
/* End PBXContainerItemProxy section */

/* Begin PBXCopyFilesBuildPhase section */
		13F0B1232323C9840083E7DB /* Embed App Extensions */ = {
			isa = PBXCopyFilesBuildPhase;
			buildActionMask = 2147483647;
			dstPath = "";
			dstSubfolderSpec = 13;
			files = (
				13F0B12F2323CB500083E7DB /* OneSignalNotificationServiceExtension.appex in Embed App Extensions */,
			);
			name = "Embed App Extensions";
			runOnlyForDeploymentPostprocessing = 0;
		};
/* End PBXCopyFilesBuildPhase section */

/* Begin PBXFileReference section */
		08A6F61652CC041FC31D8EBE /* Pods_OneSignalNotificationServiceExtension.framework */ = {isa = PBXFileReference; explicitFileType = wrapper.framework; includeInIndex = 0; path = Pods_OneSignalNotificationServiceExtension.framework; sourceTree = BUILT_PRODUCTS_DIR; };
		1306250123207717007031D6 /* ContactsTableViewController.swift */ = {isa = PBXFileReference; lastKnownFileType = sourcecode.swift; path = ContactsTableViewController.swift; sourceTree = "<group>"; };
		1306250323207EE9007031D6 /* CountryCode.swift */ = {isa = PBXFileReference; lastKnownFileType = sourcecode.swift; path = CountryCode.swift; sourceTree = "<group>"; };
		1314D0BB2327044D0037EAD3 /* CallTableViewCell.swift */ = {isa = PBXFileReference; lastKnownFileType = sourcecode.swift; path = CallTableViewCell.swift; sourceTree = "<group>"; };
		1314D0BD232705660037EAD3 /* Call.swift */ = {isa = PBXFileReference; lastKnownFileType = sourcecode.swift; path = Call.swift; sourceTree = "<group>"; };
		1314D0BF23270CBB0037EAD3 /* CallTableViewController.swift */ = {isa = PBXFileReference; lastKnownFileType = sourcecode.swift; path = CallTableViewController.swift; sourceTree = "<group>"; };
		132C8904231DCDC0005D392C /* PicturesCollectionViewController.swift */ = {isa = PBXFileReference; lastKnownFileType = sourcecode.swift; path = PicturesCollectionViewController.swift; sourceTree = "<group>"; };
		132C8906231DCE07005D392C /* PicturesCollectionViewCell.swift */ = {isa = PBXFileReference; lastKnownFileType = sourcecode.swift; path = PicturesCollectionViewCell.swift; sourceTree = "<group>"; };
		1333B8D82320B6BE0017A3A6 /* GroupMemberCollectionViewCell.swift */ = {isa = PBXFileReference; lastKnownFileType = sourcecode.swift; path = GroupMemberCollectionViewCell.swift; sourceTree = "<group>"; };
		1333B8DA2320B8F20017A3A6 /* NewGroupViewController.swift */ = {isa = PBXFileReference; lastKnownFileType = sourcecode.swift; path = NewGroupViewController.swift; sourceTree = "<group>"; };
		134AD5E12327468C009CC894 /* ShaftChat-Bridging-Header.h */ = {isa = PBXFileReference; lastKnownFileType = sourcecode.c.h; path = "ShaftChat-Bridging-Header.h"; sourceTree = "<group>"; };
		134AD5E523274766009CC894 /* PushKit.framework */ = {isa = PBXFileReference; lastKnownFileType = wrapper.framework; name = PushKit.framework; path = System/Library/Frameworks/PushKit.framework; sourceTree = SDKROOT; };
		13B02B3323209D15007F9463 /* JSQMessagesInputToolBarExtension.swift */ = {isa = PBXFileReference; lastKnownFileType = sourcecode.swift; path = JSQMessagesInputToolBarExtension.swift; sourceTree = "<group>"; };
		13C83840231F41F60072666E /* BlockedUsersViewController.swift */ = {isa = PBXFileReference; lastKnownFileType = sourcecode.swift; path = BlockedUsersViewController.swift; sourceTree = "<group>"; };
		13C83842231F570D0072666E /* BackgroundCollectionViewController.swift */ = {isa = PBXFileReference; lastKnownFileType = sourcecode.swift; path = BackgroundCollectionViewController.swift; sourceTree = "<group>"; };
		13C83844231F572D0072666E /* BackgroundCollectionViewCell.swift */ = {isa = PBXFileReference; lastKnownFileType = sourcecode.swift; path = BackgroundCollectionViewCell.swift; sourceTree = "<group>"; };
		13C83846231F5C6F0072666E /* TermsAndConditionsViewController.swift */ = {isa = PBXFileReference; lastKnownFileType = sourcecode.swift; path = TermsAndConditionsViewController.swift; sourceTree = "<group>"; };
		13C83848231F5EC30072666E /* EditProfileTableViewController.swift */ = {isa = PBXFileReference; lastKnownFileType = sourcecode.swift; path = EditProfileTableViewController.swift; sourceTree = "<group>"; };
		13D142D423231DD600B25E4C /* Encryption.swift */ = {isa = PBXFileReference; lastKnownFileType = sourcecode.swift; path = Encryption.swift; sourceTree = "<group>"; };
		13E8B5D62321C3D400327D80 /* Group.swift */ = {isa = PBXFileReference; lastKnownFileType = sourcecode.swift; path = Group.swift; sourceTree = "<group>"; };
		13E8B5D82321DA2D00327D80 /* GroupViewController.swift */ = {isa = PBXFileReference; lastKnownFileType = sourcecode.swift; path = GroupViewController.swift; sourceTree = "<group>"; };
		13E8B5DA2321E08200327D80 /* InviteUsersTableViewController.swift */ = {isa = PBXFileReference; lastKnownFileType = sourcecode.swift; path = InviteUsersTableViewController.swift; sourceTree = "<group>"; };
		13F0B10A2323BA400083E7DB /* ShaftChat.entitlements */ = {isa = PBXFileReference; lastKnownFileType = text.plist.entitlements; path = ShaftChat.entitlements; sourceTree = "<group>"; };
		13F0B10B2323C2EA0083E7DB /* PushNotifications.swift */ = {isa = PBXFileReference; lastKnownFileType = sourcecode.swift; path = PushNotifications.swift; sourceTree = "<group>"; };
		13F0B1122323C9840083E7DB /* UserNotifications.framework */ = {isa = PBXFileReference; lastKnownFileType = wrapper.framework; name = UserNotifications.framework; path = System/Library/Frameworks/UserNotifications.framework; sourceTree = SDKROOT; };
		13F0B1142323C9840083E7DB /* UserNotificationsUI.framework */ = {isa = PBXFileReference; lastKnownFileType = wrapper.framework; name = UserNotificationsUI.framework; path = System/Library/Frameworks/UserNotificationsUI.framework; sourceTree = SDKROOT; };
		13F0B1282323CB500083E7DB /* OneSignalNotificationServiceExtension.appex */ = {isa = PBXFileReference; explicitFileType = "wrapper.app-extension"; includeInIndex = 0; path = OneSignalNotificationServiceExtension.appex; sourceTree = BUILT_PRODUCTS_DIR; };
		13F0B12A2323CB500083E7DB /* NotificationService.swift */ = {isa = PBXFileReference; lastKnownFileType = sourcecode.swift; path = NotificationService.swift; sourceTree = "<group>"; };
		13F0B12C2323CB500083E7DB /* Info.plist */ = {isa = PBXFileReference; lastKnownFileType = text.plist.xml; path = Info.plist; sourceTree = "<group>"; };
		21B01914FF8F3FA4B0221C8B /* Pods-OneSignalNotificationServiceExtension.release.xcconfig */ = {isa = PBXFileReference; includeInIndex = 1; lastKnownFileType = text.xcconfig; name = "Pods-OneSignalNotificationServiceExtension.release.xcconfig"; path = "Target Support Files/Pods-OneSignalNotificationServiceExtension/Pods-OneSignalNotificationServiceExtension.release.xcconfig"; sourceTree = "<group>"; };
		8409E10D23097D92009E1086 /* ChatViewController.swift */ = {isa = PBXFileReference; lastKnownFileType = sourcecode.swift; path = ChatViewController.swift; sourceTree = "<group>"; };
		8409E10F230A0A70009E1086 /* OutgoingMessage.swift */ = {isa = PBXFileReference; lastKnownFileType = sourcecode.swift; path = OutgoingMessage.swift; sourceTree = "<group>"; };
		8409E111230A134A009E1086 /* IncomingMessages.swift */ = {isa = PBXFileReference; lastKnownFileType = sourcecode.swift; path = IncomingMessages.swift; sourceTree = "<group>"; };
		842920812304F4AB005160CA /* ProfileViewTableViewController.swift */ = {isa = PBXFileReference; lastKnownFileType = sourcecode.swift; path = ProfileViewTableViewController.swift; sourceTree = "<group>"; };
		843DAD5B230AD81F000BA321 /* RegisterViewController.swift */ = {isa = PBXFileReference; lastKnownFileType = sourcecode.swift; path = RegisterViewController.swift; sourceTree = "<group>"; };
		845200F4230CD6C500699EE4 /* Camera.swift */ = {isa = PBXFileReference; lastKnownFileType = sourcecode.swift; path = Camera.swift; sourceTree = "<group>"; };
		845200F6230CE85300699EE4 /* DownloadManager.swift */ = {isa = PBXFileReference; lastKnownFileType = sourcecode.swift; path = DownloadManager.swift; sourceTree = "<group>"; };
		845200F8230CF78000699EE4 /* PhotoMediaItem.swift */ = {isa = PBXFileReference; lastKnownFileType = sourcecode.swift; path = PhotoMediaItem.swift; sourceTree = "<group>"; };
		84695ED4231779E8000408E4 /* VideoMessage.swift */ = {isa = PBXFileReference; lastKnownFileType = sourcecode.swift; path = VideoMessage.swift; sourceTree = "<group>"; };
		84695ED623178909000408E4 /* AudioViewController.swift */ = {isa = PBXFileReference; lastKnownFileType = sourcecode.swift; path = AudioViewController.swift; sourceTree = "<group>"; };
		847068B422F611E600DCB6BA /* GoogleService-Info.plist */ = {isa = PBXFileReference; fileEncoding = 4; lastKnownFileType = text.plist.xml; path = "GoogleService-Info.plist"; sourceTree = "<group>"; };
		847068B622F6154400DCB6BA /* FUser.swift */ = {isa = PBXFileReference; lastKnownFileType = sourcecode.swift; path = FUser.swift; sourceTree = "<group>"; };
		847068B822F615AA00DCB6BA /* Constants.swift */ = {isa = PBXFileReference; fileEncoding = 4; lastKnownFileType = sourcecode.swift; path = Constants.swift; sourceTree = "<group>"; };
		847068BA22F6197900DCB6BA /* FCollectionReference.swift */ = {isa = PBXFileReference; lastKnownFileType = sourcecode.swift; path = FCollectionReference.swift; sourceTree = "<group>"; };
		847068BD22F61B4200DCB6BA /* HelperFunctions.swift */ = {isa = PBXFileReference; lastKnownFileType = sourcecode.swift; path = HelperFunctions.swift; sourceTree = "<group>"; };
		847068C022F68A9700DCB6BA /* FinishRegistrationViewController.swift */ = {isa = PBXFileReference; lastKnownFileType = sourcecode.swift; path = FinishRegistrationViewController.swift; sourceTree = "<group>"; };
		847068C222F6B6F000DCB6BA /* SettingsTableViewController.swift */ = {isa = PBXFileReference; lastKnownFileType = sourcecode.swift; path = SettingsTableViewController.swift; sourceTree = "<group>"; };
		84B92A7122F5EE5B0043B283 /* ShaftChat.app */ = {isa = PBXFileReference; explicitFileType = wrapper.application; includeInIndex = 0; path = ShaftChat.app; sourceTree = BUILT_PRODUCTS_DIR; };
		84B92A7422F5EE5B0043B283 /* AppDelegate.swift */ = {isa = PBXFileReference; lastKnownFileType = sourcecode.swift; path = AppDelegate.swift; sourceTree = "<group>"; };
		84B92A7622F5EE5B0043B283 /* LoginViewController.swift */ = {isa = PBXFileReference; lastKnownFileType = sourcecode.swift; path = LoginViewController.swift; sourceTree = "<group>"; };
		84B92A7922F5EE5B0043B283 /* Base */ = {isa = PBXFileReference; lastKnownFileType = file.storyboard; name = Base; path = Base.lproj/Main.storyboard; sourceTree = "<group>"; };
		84B92A7B22F5EE5E0043B283 /* Assets.xcassets */ = {isa = PBXFileReference; lastKnownFileType = folder.assetcatalog; path = Assets.xcassets; sourceTree = "<group>"; };
		84B92A7E22F5EE5E0043B283 /* Base */ = {isa = PBXFileReference; lastKnownFileType = file.storyboard; name = Base; path = Base.lproj/LaunchScreen.storyboard; sourceTree = "<group>"; };
		84B92A8022F5EE5E0043B283 /* Info.plist */ = {isa = PBXFileReference; lastKnownFileType = text.plist.xml; path = Info.plist; sourceTree = "<group>"; };
		84C5FB032318A394001F840A /* MapViewController.swift */ = {isa = PBXFileReference; lastKnownFileType = sourcecode.swift; path = MapViewController.swift; sourceTree = "<group>"; };
		84C7163923063F5300BE5C52 /* Recent.swift */ = {isa = PBXFileReference; lastKnownFileType = sourcecode.swift; path = Recent.swift; sourceTree = "<group>"; };
		84C7163B23065B8200BE5C52 /* RecentChatsTableViewCell.swift */ = {isa = PBXFileReference; lastKnownFileType = sourcecode.swift; path = RecentChatsTableViewCell.swift; sourceTree = "<group>"; };
		84D747FA230222BA004AEA88 /* UserTableViewCell.swift */ = {isa = PBXFileReference; lastKnownFileType = sourcecode.swift; path = UserTableViewCell.swift; sourceTree = "<group>"; };
		84D747FC23022D52004AEA88 /* UsersTableViewController.swift */ = {isa = PBXFileReference; lastKnownFileType = sourcecode.swift; path = UsersTableViewController.swift; sourceTree = "<group>"; };
		84D747FE230264A7004AEA88 /* ChatsViewController.swift */ = {isa = PBXFileReference; lastKnownFileType = sourcecode.swift; path = ChatsViewController.swift; sourceTree = "<group>"; };
		892D2A9A729F73808FA0E154 /* Pods_ShaftChat.framework */ = {isa = PBXFileReference; explicitFileType = wrapper.framework; includeInIndex = 0; path = Pods_ShaftChat.framework; sourceTree = BUILT_PRODUCTS_DIR; };
		9E9E44C0D050546D142257BD /* Pods-OneSignalNotificationServiceExtension.debug.xcconfig */ = {isa = PBXFileReference; includeInIndex = 1; lastKnownFileType = text.xcconfig; name = "Pods-OneSignalNotificationServiceExtension.debug.xcconfig"; path = "Target Support Files/Pods-OneSignalNotificationServiceExtension/Pods-OneSignalNotificationServiceExtension.debug.xcconfig"; sourceTree = "<group>"; };
		BB62FAC940888D62C29AF90B /* Pods-ShaftChat.release.xcconfig */ = {isa = PBXFileReference; includeInIndex = 1; lastKnownFileType = text.xcconfig; name = "Pods-ShaftChat.release.xcconfig"; path = "Target Support Files/Pods-ShaftChat/Pods-ShaftChat.release.xcconfig"; sourceTree = "<group>"; };
		FD8455D6133335625B9C3D2E /* Pods-ShaftChat.debug.xcconfig */ = {isa = PBXFileReference; includeInIndex = 1; lastKnownFileType = text.xcconfig; name = "Pods-ShaftChat.debug.xcconfig"; path = "Target Support Files/Pods-ShaftChat/Pods-ShaftChat.debug.xcconfig"; sourceTree = "<group>"; };
/* End PBXFileReference section */

/* Begin PBXFrameworksBuildPhase section */
		13F0B1252323CB500083E7DB /* Frameworks */ = {
			isa = PBXFrameworksBuildPhase;
			buildActionMask = 2147483647;
			files = (
				D1D82F566201DC88A039EF41 /* Pods_OneSignalNotificationServiceExtension.framework in Frameworks */,
			);
			runOnlyForDeploymentPostprocessing = 0;
		};
		84B92A6E22F5EE5B0043B283 /* Frameworks */ = {
			isa = PBXFrameworksBuildPhase;
			buildActionMask = 2147483647;
			files = (
				134AD5E623274766009CC894 /* PushKit.framework in Frameworks */,
				DF686270D82318163DD60B1D /* Pods_ShaftChat.framework in Frameworks */,
			);
			runOnlyForDeploymentPostprocessing = 0;
		};
/* End PBXFrameworksBuildPhase section */

/* Begin PBXGroup section */
		13B02B3223209CEF007F9463 /* Extensions */ = {
			isa = PBXGroup;
			children = (
				13B02B3323209D15007F9463 /* JSQMessagesInputToolBarExtension.swift */,
			);
			path = Extensions;
			sourceTree = "<group>";
		};
		13F0B1292323CB500083E7DB /* OneSignalNotificationServiceExtension */ = {
			isa = PBXGroup;
			children = (
				13F0B12A2323CB500083E7DB /* NotificationService.swift */,
				13F0B12C2323CB500083E7DB /* Info.plist */,
			);
			path = OneSignalNotificationServiceExtension;
			sourceTree = "<group>";
		};
		1F360530B4A4302ED3F40365 /* Frameworks */ = {
			isa = PBXGroup;
			children = (
				134AD5E523274766009CC894 /* PushKit.framework */,
				892D2A9A729F73808FA0E154 /* Pods_ShaftChat.framework */,
				13F0B1122323C9840083E7DB /* UserNotifications.framework */,
				13F0B1142323C9840083E7DB /* UserNotificationsUI.framework */,
				08A6F61652CC041FC31D8EBE /* Pods_OneSignalNotificationServiceExtension.framework */,
			);
			name = Frameworks;
			sourceTree = "<group>";
		};
		63A210F6053900032E21AADC /* Pods */ = {
			isa = PBXGroup;
			children = (
				FD8455D6133335625B9C3D2E /* Pods-ShaftChat.debug.xcconfig */,
				BB62FAC940888D62C29AF90B /* Pods-ShaftChat.release.xcconfig */,
				9E9E44C0D050546D142257BD /* Pods-OneSignalNotificationServiceExtension.debug.xcconfig */,
				21B01914FF8F3FA4B0221C8B /* Pods-OneSignalNotificationServiceExtension.release.xcconfig */,
			);
			path = Pods;
			sourceTree = "<group>";
		};
		847068BF22F68A5500DCB6BA /* Helpers */ = {
			isa = PBXGroup;
			children = (
				847068B822F615AA00DCB6BA /* Constants.swift */,
				847068BA22F6197900DCB6BA /* FCollectionReference.swift */,
				847068BD22F61B4200DCB6BA /* HelperFunctions.swift */,
			);
			path = Helpers;
			sourceTree = "<group>";
		};
		84B92A6822F5EE5B0043B283 = {
			isa = PBXGroup;
			children = (
				84B92A7322F5EE5B0043B283 /* ShaftChat */,
				13F0B1292323CB500083E7DB /* OneSignalNotificationServiceExtension */,
				84B92A7222F5EE5B0043B283 /* Products */,
				63A210F6053900032E21AADC /* Pods */,
				1F360530B4A4302ED3F40365 /* Frameworks */,
			);
			sourceTree = "<group>";
		};
		84B92A7222F5EE5B0043B283 /* Products */ = {
			isa = PBXGroup;
			children = (
				84B92A7122F5EE5B0043B283 /* ShaftChat.app */,
				13F0B1282323CB500083E7DB /* OneSignalNotificationServiceExtension.appex */,
			);
			name = Products;
			sourceTree = "<group>";
		};
		84B92A7322F5EE5B0043B283 /* ShaftChat */ = {
			isa = PBXGroup;
			children = (
				13F0B10A2323BA400083E7DB /* ShaftChat.entitlements */,
				13B02B3223209CEF007F9463 /* Extensions */,
				847068BF22F68A5500DCB6BA /* Helpers */,
				84B92A8622F5EE710043B283 /* Models */,
				84B92A8722F5EE780043B283 /* CustomCells */,
				84B92A8822F5EE8C0043B283 /* ViewControllers */,
				84B92A7422F5EE5B0043B283 /* AppDelegate.swift */,
				84B92A7822F5EE5B0043B283 /* Main.storyboard */,
				84B92A7B22F5EE5E0043B283 /* Assets.xcassets */,
				84B92A7D22F5EE5E0043B283 /* LaunchScreen.storyboard */,
				84B92A8022F5EE5E0043B283 /* Info.plist */,
				847068B422F611E600DCB6BA /* GoogleService-Info.plist */,
				134AD5E12327468C009CC894 /* ShaftChat-Bridging-Header.h */,
			);
			path = ShaftChat;
			sourceTree = "<group>";
		};
		84B92A8622F5EE710043B283 /* Models */ = {
			isa = PBXGroup;
			children = (
				847068B622F6154400DCB6BA /* FUser.swift */,
				84C7163923063F5300BE5C52 /* Recent.swift */,
				8409E10F230A0A70009E1086 /* OutgoingMessage.swift */,
				8409E111230A134A009E1086 /* IncomingMessages.swift */,
				845200F4230CD6C500699EE4 /* Camera.swift */,
				845200F8230CF78000699EE4 /* PhotoMediaItem.swift */,
				84695ED4231779E8000408E4 /* VideoMessage.swift */,
				845200F6230CE85300699EE4 /* DownloadManager.swift */,
				1306250323207EE9007031D6 /* CountryCode.swift */,
				13E8B5D62321C3D400327D80 /* Group.swift */,
				13D142D423231DD600B25E4C /* Encryption.swift */,
				13F0B10B2323C2EA0083E7DB /* PushNotifications.swift */,
				1314D0BD232705660037EAD3 /* Call.swift */,
			);
			path = Models;
			sourceTree = "<group>";
		};
		84B92A8722F5EE780043B283 /* CustomCells */ = {
			isa = PBXGroup;
			children = (
				84D747FA230222BA004AEA88 /* UserTableViewCell.swift */,
				132C8906231DCE07005D392C /* PicturesCollectionViewCell.swift */,
				13C83844231F572D0072666E /* BackgroundCollectionViewCell.swift */,
				84C7163B23065B8200BE5C52 /* RecentChatsTableViewCell.swift */,
				1333B8D82320B6BE0017A3A6 /* GroupMemberCollectionViewCell.swift */,
				1314D0BB2327044D0037EAD3 /* CallTableViewCell.swift */,
			);
			path = CustomCells;
			sourceTree = "<group>";
		};
		84B92A8822F5EE8C0043B283 /* ViewControllers */ = {
			isa = PBXGroup;
			children = (
				84B92A7622F5EE5B0043B283 /* LoginViewController.swift */,
				847068C022F68A9700DCB6BA /* FinishRegistrationViewController.swift */,
				847068C222F6B6F000DCB6BA /* SettingsTableViewController.swift */,
				84D747FC23022D52004AEA88 /* UsersTableViewController.swift */,
				13E8B5DA2321E08200327D80 /* InviteUsersTableViewController.swift */,
				84D747FE230264A7004AEA88 /* ChatsViewController.swift */,
				842920812304F4AB005160CA /* ProfileViewTableViewController.swift */,
				84C5FB032318A394001F840A /* MapViewController.swift */,
				132C8904231DCDC0005D392C /* PicturesCollectionViewController.swift */,
				1333B8DA2320B8F20017A3A6 /* NewGroupViewController.swift */,
				13E8B5D82321DA2D00327D80 /* GroupViewController.swift */,
				1306250123207717007031D6 /* ContactsTableViewController.swift */,
				13C83840231F41F60072666E /* BlockedUsersViewController.swift */,
				13C83842231F570D0072666E /* BackgroundCollectionViewController.swift */,
				13C83846231F5C6F0072666E /* TermsAndConditionsViewController.swift */,
				13C83848231F5EC30072666E /* EditProfileTableViewController.swift */,
				8409E10D23097D92009E1086 /* ChatViewController.swift */,
				843DAD5B230AD81F000BA321 /* RegisterViewController.swift */,
				84695ED623178909000408E4 /* AudioViewController.swift */,
				1314D0BF23270CBB0037EAD3 /* CallTableViewController.swift */,
			);
			path = ViewControllers;
			sourceTree = "<group>";
		};
/* End PBXGroup section */

/* Begin PBXNativeTarget section */
		13F0B1272323CB500083E7DB /* OneSignalNotificationServiceExtension */ = {
			isa = PBXNativeTarget;
			buildConfigurationList = 13F0B1302323CB500083E7DB /* Build configuration list for PBXNativeTarget "OneSignalNotificationServiceExtension" */;
			buildPhases = (
				1EAD83B6D7E7CDDC7C679000 /* [CP] Check Pods Manifest.lock */,
				13F0B1242323CB500083E7DB /* Sources */,
				13F0B1252323CB500083E7DB /* Frameworks */,
				13F0B1262323CB500083E7DB /* Resources */,
			);
			buildRules = (
			);
			dependencies = (
			);
			name = OneSignalNotificationServiceExtension;
			productName = OneSignalNotificationServiceExtension;
			productReference = 13F0B1282323CB500083E7DB /* OneSignalNotificationServiceExtension.appex */;
			productType = "com.apple.product-type.app-extension";
		};
		84B92A7022F5EE5B0043B283 /* ShaftChat */ = {
			isa = PBXNativeTarget;
			buildConfigurationList = 84B92A8322F5EE5E0043B283 /* Build configuration list for PBXNativeTarget "ShaftChat" */;
			buildPhases = (
				EE03BE089E9374EA43472C6C /* [CP] Check Pods Manifest.lock */,
				84B92A6D22F5EE5B0043B283 /* Sources */,
				84B92A6E22F5EE5B0043B283 /* Frameworks */,
				84B92A6F22F5EE5B0043B283 /* Resources */,
				B2DC285C83439D2183B599E9 /* [CP] Embed Pods Frameworks */,
				13F0B1232323C9840083E7DB /* Embed App Extensions */,
			);
			buildRules = (
			);
			dependencies = (
				13F0B12E2323CB500083E7DB /* PBXTargetDependency */,
			);
			name = ShaftChat;
			productName = ShaftChat;
			productReference = 84B92A7122F5EE5B0043B283 /* ShaftChat.app */;
			productType = "com.apple.product-type.application";
		};
/* End PBXNativeTarget section */

/* Begin PBXProject section */
		84B92A6922F5EE5B0043B283 /* Project object */ = {
			isa = PBXProject;
			attributes = {
				LastSwiftUpdateCheck = 1030;
				LastUpgradeCheck = 1020;
				ORGANIZATIONNAME = "Shaft Corporation";
				TargetAttributes = {
					13F0B1272323CB500083E7DB = {
						CreatedOnToolsVersion = 10.3;
					};
					84B92A7022F5EE5B0043B283 = {
						CreatedOnToolsVersion = 10.2.1;
						LastSwiftMigration = 1030;
						SystemCapabilities = {
							com.apple.ApplicationGroups.iOS = {
								enabled = 1;
							};
							com.apple.BackgroundModes = {
								enabled = 1;
							};
							com.apple.Push = {
								enabled = 1;
							};
						};
					};
				};
			};
			buildConfigurationList = 84B92A6C22F5EE5B0043B283 /* Build configuration list for PBXProject "ShaftChat" */;
			compatibilityVersion = "Xcode 9.3";
			developmentRegion = en;
			hasScannedForEncodings = 0;
			knownRegions = (
				en,
				Base,
			);
			mainGroup = 84B92A6822F5EE5B0043B283;
			productRefGroup = 84B92A7222F5EE5B0043B283 /* Products */;
			projectDirPath = "";
			projectRoot = "";
			targets = (
				84B92A7022F5EE5B0043B283 /* ShaftChat */,
				13F0B1272323CB500083E7DB /* OneSignalNotificationServiceExtension */,
			);
		};
/* End PBXProject section */

/* Begin PBXResourcesBuildPhase section */
		13F0B1262323CB500083E7DB /* Resources */ = {
			isa = PBXResourcesBuildPhase;
			buildActionMask = 2147483647;
			files = (
			);
			runOnlyForDeploymentPostprocessing = 0;
		};
		84B92A6F22F5EE5B0043B283 /* Resources */ = {
			isa = PBXResourcesBuildPhase;
			buildActionMask = 2147483647;
			files = (
				84B92A7F22F5EE5E0043B283 /* LaunchScreen.storyboard in Resources */,
				847068B522F611E600DCB6BA /* GoogleService-Info.plist in Resources */,
				84B92A7C22F5EE5E0043B283 /* Assets.xcassets in Resources */,
				84B92A7A22F5EE5B0043B283 /* Main.storyboard in Resources */,
			);
			runOnlyForDeploymentPostprocessing = 0;
		};
/* End PBXResourcesBuildPhase section */

/* Begin PBXShellScriptBuildPhase section */
		1EAD83B6D7E7CDDC7C679000 /* [CP] Check Pods Manifest.lock */ = {
			isa = PBXShellScriptBuildPhase;
			buildActionMask = 2147483647;
			files = (
			);
			inputFileListPaths = (
			);
			inputPaths = (
				"${PODS_PODFILE_DIR_PATH}/Podfile.lock",
				"${PODS_ROOT}/Manifest.lock",
			);
			name = "[CP] Check Pods Manifest.lock";
			outputFileListPaths = (
			);
			outputPaths = (
				"$(DERIVED_FILE_DIR)/Pods-OneSignalNotificationServiceExtension-checkManifestLockResult.txt",
			);
			runOnlyForDeploymentPostprocessing = 0;
			shellPath = /bin/sh;
			shellScript = "diff \"${PODS_PODFILE_DIR_PATH}/Podfile.lock\" \"${PODS_ROOT}/Manifest.lock\" > /dev/null\nif [ $? != 0 ] ; then\n    # print error to STDERR\n    echo \"error: The sandbox is not in sync with the Podfile.lock. Run 'pod install' or update your CocoaPods installation.\" >&2\n    exit 1\nfi\n# This output is used by Xcode 'outputs' to avoid re-running this script phase.\necho \"SUCCESS\" > \"${SCRIPT_OUTPUT_FILE_0}\"\n";
			showEnvVarsInLog = 0;
		};
		B2DC285C83439D2183B599E9 /* [CP] Embed Pods Frameworks */ = {
			isa = PBXShellScriptBuildPhase;
			buildActionMask = 2147483647;
			files = (
			);
			inputFileListPaths = (
				"${PODS_ROOT}/Target Support Files/Pods-ShaftChat/Pods-ShaftChat-frameworks-${CONFIGURATION}-input-files.xcfilelist",
			);
			name = "[CP] Embed Pods Frameworks";
			outputFileListPaths = (
				"${PODS_ROOT}/Target Support Files/Pods-ShaftChat/Pods-ShaftChat-frameworks-${CONFIGURATION}-output-files.xcfilelist",
			);
			runOnlyForDeploymentPostprocessing = 0;
			shellPath = /bin/sh;
			shellScript = "\"${PODS_ROOT}/Target Support Files/Pods-ShaftChat/Pods-ShaftChat-frameworks.sh\"\n";
			showEnvVarsInLog = 0;
		};
		EE03BE089E9374EA43472C6C /* [CP] Check Pods Manifest.lock */ = {
			isa = PBXShellScriptBuildPhase;
			buildActionMask = 2147483647;
			files = (
			);
			inputFileListPaths = (
			);
			inputPaths = (
				"${PODS_PODFILE_DIR_PATH}/Podfile.lock",
				"${PODS_ROOT}/Manifest.lock",
			);
			name = "[CP] Check Pods Manifest.lock";
			outputFileListPaths = (
			);
			outputPaths = (
				"$(DERIVED_FILE_DIR)/Pods-ShaftChat-checkManifestLockResult.txt",
			);
			runOnlyForDeploymentPostprocessing = 0;
			shellPath = /bin/sh;
			shellScript = "diff \"${PODS_PODFILE_DIR_PATH}/Podfile.lock\" \"${PODS_ROOT}/Manifest.lock\" > /dev/null\nif [ $? != 0 ] ; then\n    # print error to STDERR\n    echo \"error: The sandbox is not in sync with the Podfile.lock. Run 'pod install' or update your CocoaPods installation.\" >&2\n    exit 1\nfi\n# This output is used by Xcode 'outputs' to avoid re-running this script phase.\necho \"SUCCESS\" > \"${SCRIPT_OUTPUT_FILE_0}\"\n";
			showEnvVarsInLog = 0;
		};
/* End PBXShellScriptBuildPhase section */

/* Begin PBXSourcesBuildPhase section */
		13F0B1242323CB500083E7DB /* Sources */ = {
			isa = PBXSourcesBuildPhase;
			buildActionMask = 2147483647;
			files = (
				13F0B12B2323CB500083E7DB /* NotificationService.swift in Sources */,
			);
			runOnlyForDeploymentPostprocessing = 0;
		};
		84B92A6D22F5EE5B0043B283 /* Sources */ = {
			isa = PBXSourcesBuildPhase;
			buildActionMask = 2147483647;
			files = (
				84C7163C23065B8200BE5C52 /* RecentChatsTableViewCell.swift in Sources */,
				13F0B10C2323C2EA0083E7DB /* PushNotifications.swift in Sources */,
				8409E110230A0A70009E1086 /* OutgoingMessage.swift in Sources */,
				1333B8D92320B6BE0017A3A6 /* GroupMemberCollectionViewCell.swift in Sources */,
				13C83843231F570D0072666E /* BackgroundCollectionViewController.swift in Sources */,
				847068B722F6154400DCB6BA /* FUser.swift in Sources */,
				13E8B5DB2321E08200327D80 /* InviteUsersTableViewController.swift in Sources */,
				84C7163A23063F5300BE5C52 /* Recent.swift in Sources */,
				8409E112230A134A009E1086 /* IncomingMessages.swift in Sources */,
				1306250223207717007031D6 /* ContactsTableViewController.swift in Sources */,
				84D747FB230222BA004AEA88 /* UserTableViewCell.swift in Sources */,
				13C83845231F572D0072666E /* BackgroundCollectionViewCell.swift in Sources */,
				13E8B5D72321C3D400327D80 /* Group.swift in Sources */,
				13C83847231F5C6F0072666E /* TermsAndConditionsViewController.swift in Sources */,
				842920822304F4AB005160CA /* ProfileViewTableViewController.swift in Sources */,
				13B02B3423209D15007F9463 /* JSQMessagesInputToolBarExtension.swift in Sources */,
				1333B8DB2320B8F20017A3A6 /* NewGroupViewController.swift in Sources */,
				1306250423207EE9007031D6 /* CountryCode.swift in Sources */,
				84C5FB042318A394001F840A /* MapViewController.swift in Sources */,
				13C83849231F5EC30072666E /* EditProfileTableViewController.swift in Sources */,
				132C8907231DCE07005D392C /* PicturesCollectionViewCell.swift in Sources */,
				1314D0BC2327044D0037EAD3 /* CallTableViewCell.swift in Sources */,
				84B92A7722F5EE5B0043B283 /* LoginViewController.swift in Sources */,
				847068BB22F6197900DCB6BA /* FCollectionReference.swift in Sources */,
				843DAD5C230AD81F000BA321 /* RegisterViewController.swift in Sources */,
				132C8905231DCDC0005D392C /* PicturesCollectionViewController.swift in Sources */,
				84B92A7522F5EE5B0043B283 /* AppDelegate.swift in Sources */,
				845200F7230CE85300699EE4 /* DownloadManager.swift in Sources */,
				845200F9230CF78000699EE4 /* PhotoMediaItem.swift in Sources */,
				13C83841231F41F60072666E /* BlockedUsersViewController.swift in Sources */,
				847068C322F6B6F000DCB6BA /* SettingsTableViewController.swift in Sources */,
				1314D0C023270CBB0037EAD3 /* CallTableViewController.swift in Sources */,
				845200F5230CD6C500699EE4 /* Camera.swift in Sources */,
				84D747FF230264A7004AEA88 /* ChatsViewController.swift in Sources */,
				847068B922F615AA00DCB6BA /* Constants.swift in Sources */,
				847068C122F68A9700DCB6BA /* FinishRegistrationViewController.swift in Sources */,
				13E8B5D92321DA2D00327D80 /* GroupViewController.swift in Sources */,
				84695ED723178909000408E4 /* AudioViewController.swift in Sources */,
				1314D0BE232705660037EAD3 /* Call.swift in Sources */,
				84D747FD23022D52004AEA88 /* UsersTableViewController.swift in Sources */,
				8409E10E23097D92009E1086 /* ChatViewController.swift in Sources */,
				847068BE22F61B4200DCB6BA /* HelperFunctions.swift in Sources */,
				13D142D523231DD600B25E4C /* Encryption.swift in Sources */,
				84695ED5231779E8000408E4 /* VideoMessage.swift in Sources */,
			);
			runOnlyForDeploymentPostprocessing = 0;
		};
/* End PBXSourcesBuildPhase section */

/* Begin PBXTargetDependency section */
		13F0B12E2323CB500083E7DB /* PBXTargetDependency */ = {
			isa = PBXTargetDependency;
			target = 13F0B1272323CB500083E7DB /* OneSignalNotificationServiceExtension */;
			targetProxy = 13F0B12D2323CB500083E7DB /* PBXContainerItemProxy */;
		};
/* End PBXTargetDependency section */

/* Begin PBXVariantGroup section */
		84B92A7822F5EE5B0043B283 /* Main.storyboard */ = {
			isa = PBXVariantGroup;
			children = (
				84B92A7922F5EE5B0043B283 /* Base */,
			);
			name = Main.storyboard;
			sourceTree = "<group>";
		};
		84B92A7D22F5EE5E0043B283 /* LaunchScreen.storyboard */ = {
			isa = PBXVariantGroup;
			children = (
				84B92A7E22F5EE5E0043B283 /* Base */,
			);
			name = LaunchScreen.storyboard;
			sourceTree = "<group>";
		};
/* End PBXVariantGroup section */

/* Begin XCBuildConfiguration section */
		13F0B1312323CB500083E7DB /* Debug */ = {
			isa = XCBuildConfiguration;
			baseConfigurationReference = 9E9E44C0D050546D142257BD /* Pods-OneSignalNotificationServiceExtension.debug.xcconfig */;
			buildSettings = {
				CODE_SIGN_STYLE = Automatic;
				DEVELOPMENT_TEAM = E8VNZ48Y42;
				INFOPLIST_FILE = OneSignalNotificationServiceExtension/Info.plist;
				IPHONEOS_DEPLOYMENT_TARGET = 10.0;
				LD_RUNPATH_SEARCH_PATHS = (
					"$(inherited)",
					"@executable_path/Frameworks",
					"@executable_path/../../Frameworks",
				);
				PRODUCT_BUNDLE_IDENTIFIER = com.shaft7.shaftchat.OneSignalNotificationServiceExtension;
				PRODUCT_NAME = "$(TARGET_NAME)";
				SKIP_INSTALL = YES;
				SWIFT_VERSION = 5.0;
				TARGETED_DEVICE_FAMILY = "1,2";
			};
			name = Debug;
		};
		13F0B1322323CB500083E7DB /* Release */ = {
			isa = XCBuildConfiguration;
			baseConfigurationReference = 21B01914FF8F3FA4B0221C8B /* Pods-OneSignalNotificationServiceExtension.release.xcconfig */;
			buildSettings = {
				CODE_SIGN_STYLE = Automatic;
				DEVELOPMENT_TEAM = E8VNZ48Y42;
				INFOPLIST_FILE = OneSignalNotificationServiceExtension/Info.plist;
				IPHONEOS_DEPLOYMENT_TARGET = 10.0;
				LD_RUNPATH_SEARCH_PATHS = (
					"$(inherited)",
					"@executable_path/Frameworks",
					"@executable_path/../../Frameworks",
				);
				PRODUCT_BUNDLE_IDENTIFIER = com.shaft7.shaftchat.OneSignalNotificationServiceExtension;
				PRODUCT_NAME = "$(TARGET_NAME)";
				SKIP_INSTALL = YES;
				SWIFT_VERSION = 5.0;
				TARGETED_DEVICE_FAMILY = "1,2";
			};
			name = Release;
		};
		84B92A8122F5EE5E0043B283 /* Debug */ = {
			isa = XCBuildConfiguration;
			buildSettings = {
				ALWAYS_SEARCH_USER_PATHS = NO;
				CLANG_ANALYZER_NONNULL = YES;
				CLANG_ANALYZER_NUMBER_OBJECT_CONVERSION = YES_AGGRESSIVE;
				CLANG_CXX_LANGUAGE_STANDARD = "gnu++14";
				CLANG_CXX_LIBRARY = "libc++";
				CLANG_ENABLE_MODULES = YES;
				CLANG_ENABLE_OBJC_ARC = YES;
				CLANG_ENABLE_OBJC_WEAK = YES;
				CLANG_WARN_BLOCK_CAPTURE_AUTORELEASING = YES;
				CLANG_WARN_BOOL_CONVERSION = YES;
				CLANG_WARN_COMMA = YES;
				CLANG_WARN_CONSTANT_CONVERSION = YES;
				CLANG_WARN_DEPRECATED_OBJC_IMPLEMENTATIONS = YES;
				CLANG_WARN_DIRECT_OBJC_ISA_USAGE = YES_ERROR;
				CLANG_WARN_DOCUMENTATION_COMMENTS = YES;
				CLANG_WARN_EMPTY_BODY = YES;
				CLANG_WARN_ENUM_CONVERSION = YES;
				CLANG_WARN_INFINITE_RECURSION = YES;
				CLANG_WARN_INT_CONVERSION = YES;
				CLANG_WARN_NON_LITERAL_NULL_CONVERSION = YES;
				CLANG_WARN_OBJC_IMPLICIT_RETAIN_SELF = YES;
				CLANG_WARN_OBJC_LITERAL_CONVERSION = YES;
				CLANG_WARN_OBJC_ROOT_CLASS = YES_ERROR;
				CLANG_WARN_RANGE_LOOP_ANALYSIS = YES;
				CLANG_WARN_STRICT_PROTOTYPES = YES;
				CLANG_WARN_SUSPICIOUS_MOVE = YES;
				CLANG_WARN_UNGUARDED_AVAILABILITY = YES_AGGRESSIVE;
				CLANG_WARN_UNREACHABLE_CODE = YES;
				CLANG_WARN__DUPLICATE_METHOD_MATCH = YES;
				CODE_SIGN_IDENTITY = "iPhone Developer";
				COPY_PHASE_STRIP = NO;
				DEBUG_INFORMATION_FORMAT = dwarf;
				ENABLE_STRICT_OBJC_MSGSEND = YES;
				ENABLE_TESTABILITY = YES;
				GCC_C_LANGUAGE_STANDARD = gnu11;
				GCC_DYNAMIC_NO_PIC = NO;
				GCC_NO_COMMON_BLOCKS = YES;
				GCC_OPTIMIZATION_LEVEL = 0;
				GCC_PREPROCESSOR_DEFINITIONS = (
					"DEBUG=1",
					"$(inherited)",
				);
				GCC_WARN_64_TO_32_BIT_CONVERSION = YES;
				GCC_WARN_ABOUT_RETURN_TYPE = YES_ERROR;
				GCC_WARN_UNDECLARED_SELECTOR = YES;
				GCC_WARN_UNINITIALIZED_AUTOS = YES_AGGRESSIVE;
				GCC_WARN_UNUSED_FUNCTION = YES;
				GCC_WARN_UNUSED_VARIABLE = YES;
				IPHONEOS_DEPLOYMENT_TARGET = 12.2;
				MTL_ENABLE_DEBUG_INFO = INCLUDE_SOURCE;
				MTL_FAST_MATH = YES;
				ONLY_ACTIVE_ARCH = YES;
				SDKROOT = iphoneos;
				SWIFT_ACTIVE_COMPILATION_CONDITIONS = DEBUG;
				SWIFT_OPTIMIZATION_LEVEL = "-Onone";
			};
			name = Debug;
		};
		84B92A8222F5EE5E0043B283 /* Release */ = {
			isa = XCBuildConfiguration;
			buildSettings = {
				ALWAYS_SEARCH_USER_PATHS = NO;
				CLANG_ANALYZER_NONNULL = YES;
				CLANG_ANALYZER_NUMBER_OBJECT_CONVERSION = YES_AGGRESSIVE;
				CLANG_CXX_LANGUAGE_STANDARD = "gnu++14";
				CLANG_CXX_LIBRARY = "libc++";
				CLANG_ENABLE_MODULES = YES;
				CLANG_ENABLE_OBJC_ARC = YES;
				CLANG_ENABLE_OBJC_WEAK = YES;
				CLANG_WARN_BLOCK_CAPTURE_AUTORELEASING = YES;
				CLANG_WARN_BOOL_CONVERSION = YES;
				CLANG_WARN_COMMA = YES;
				CLANG_WARN_CONSTANT_CONVERSION = YES;
				CLANG_WARN_DEPRECATED_OBJC_IMPLEMENTATIONS = YES;
				CLANG_WARN_DIRECT_OBJC_ISA_USAGE = YES_ERROR;
				CLANG_WARN_DOCUMENTATION_COMMENTS = YES;
				CLANG_WARN_EMPTY_BODY = YES;
				CLANG_WARN_ENUM_CONVERSION = YES;
				CLANG_WARN_INFINITE_RECURSION = YES;
				CLANG_WARN_INT_CONVERSION = YES;
				CLANG_WARN_NON_LITERAL_NULL_CONVERSION = YES;
				CLANG_WARN_OBJC_IMPLICIT_RETAIN_SELF = YES;
				CLANG_WARN_OBJC_LITERAL_CONVERSION = YES;
				CLANG_WARN_OBJC_ROOT_CLASS = YES_ERROR;
				CLANG_WARN_RANGE_LOOP_ANALYSIS = YES;
				CLANG_WARN_STRICT_PROTOTYPES = YES;
				CLANG_WARN_SUSPICIOUS_MOVE = YES;
				CLANG_WARN_UNGUARDED_AVAILABILITY = YES_AGGRESSIVE;
				CLANG_WARN_UNREACHABLE_CODE = YES;
				CLANG_WARN__DUPLICATE_METHOD_MATCH = YES;
				CODE_SIGN_IDENTITY = "iPhone Developer";
				COPY_PHASE_STRIP = NO;
				DEBUG_INFORMATION_FORMAT = "dwarf-with-dsym";
				ENABLE_NS_ASSERTIONS = NO;
				ENABLE_STRICT_OBJC_MSGSEND = YES;
				GCC_C_LANGUAGE_STANDARD = gnu11;
				GCC_NO_COMMON_BLOCKS = YES;
				GCC_WARN_64_TO_32_BIT_CONVERSION = YES;
				GCC_WARN_ABOUT_RETURN_TYPE = YES_ERROR;
				GCC_WARN_UNDECLARED_SELECTOR = YES;
				GCC_WARN_UNINITIALIZED_AUTOS = YES_AGGRESSIVE;
				GCC_WARN_UNUSED_FUNCTION = YES;
				GCC_WARN_UNUSED_VARIABLE = YES;
				IPHONEOS_DEPLOYMENT_TARGET = 12.2;
				MTL_ENABLE_DEBUG_INFO = NO;
				MTL_FAST_MATH = YES;
				SDKROOT = iphoneos;
				SWIFT_COMPILATION_MODE = wholemodule;
				SWIFT_OPTIMIZATION_LEVEL = "-O";
				VALIDATE_PRODUCT = YES;
			};
			name = Release;
		};
		84B92A8422F5EE5E0043B283 /* Debug */ = {
			isa = XCBuildConfiguration;
			baseConfigurationReference = FD8455D6133335625B9C3D2E /* Pods-ShaftChat.debug.xcconfig */;
			buildSettings = {
				ALWAYS_EMBED_SWIFT_STANDARD_LIBRARIES = YES;
				ASSETCATALOG_COMPILER_APPICON_NAME = AppIcon;
				CLANG_ENABLE_MODULES = YES;
				CODE_SIGN_ENTITLEMENTS = ShaftChat/ShaftChat.entitlements;
				CODE_SIGN_STYLE = Automatic;
				DEVELOPMENT_TEAM = E8VNZ48Y42;
				INFOPLIST_FILE = ShaftChat/Info.plist;
				LD_RUNPATH_SEARCH_PATHS = (
					"$(inherited)",
					"@executable_path/Frameworks",
				);
				PRODUCT_BUNDLE_IDENTIFIER = com.shaft7.shaftchat;
				PRODUCT_NAME = "$(TARGET_NAME)";
				SWIFT_OBJC_BRIDGING_HEADER = "ShaftChat/ShaftChat-Bridging-Header.h";
				SWIFT_OPTIMIZATION_LEVEL = "-Onone";
				SWIFT_VERSION = 5.0;
				TARGETED_DEVICE_FAMILY = "1,2";
			};
			name = Debug;
		};
		84B92A8522F5EE5E0043B283 /* Release */ = {
			isa = XCBuildConfiguration;
			baseConfigurationReference = BB62FAC940888D62C29AF90B /* Pods-ShaftChat.release.xcconfig */;
			buildSettings = {
				ALWAYS_EMBED_SWIFT_STANDARD_LIBRARIES = YES;
				ASSETCATALOG_COMPILER_APPICON_NAME = AppIcon;
				CLANG_ENABLE_MODULES = YES;
				CODE_SIGN_ENTITLEMENTS = ShaftChat/ShaftChat.entitlements;
				CODE_SIGN_STYLE = Automatic;
				DEVELOPMENT_TEAM = E8VNZ48Y42;
				INFOPLIST_FILE = ShaftChat/Info.plist;
				LD_RUNPATH_SEARCH_PATHS = (
					"$(inherited)",
					"@executable_path/Frameworks",
				);
				PRODUCT_BUNDLE_IDENTIFIER = com.shaft7.shaftchat;
				PRODUCT_NAME = "$(TARGET_NAME)";
				SWIFT_OBJC_BRIDGING_HEADER = "ShaftChat/ShaftChat-Bridging-Header.h";
				SWIFT_VERSION = 5.0;
				TARGETED_DEVICE_FAMILY = "1,2";
			};
			name = Release;
		};
/* End XCBuildConfiguration section */

/* Begin XCConfigurationList section */
		13F0B1302323CB500083E7DB /* Build configuration list for PBXNativeTarget "OneSignalNotificationServiceExtension" */ = {
			isa = XCConfigurationList;
			buildConfigurations = (
				13F0B1312323CB500083E7DB /* Debug */,
				13F0B1322323CB500083E7DB /* Release */,
			);
			defaultConfigurationIsVisible = 0;
			defaultConfigurationName = Release;
		};
		84B92A6C22F5EE5B0043B283 /* Build configuration list for PBXProject "ShaftChat" */ = {
			isa = XCConfigurationList;
			buildConfigurations = (
				84B92A8122F5EE5E0043B283 /* Debug */,
				84B92A8222F5EE5E0043B283 /* Release */,
			);
			defaultConfigurationIsVisible = 0;
			defaultConfigurationName = Release;
		};
		84B92A8322F5EE5E0043B283 /* Build configuration list for PBXNativeTarget "ShaftChat" */ = {
			isa = XCConfigurationList;
			buildConfigurations = (
				84B92A8422F5EE5E0043B283 /* Debug */,
				84B92A8522F5EE5E0043B283 /* Release */,
			);
			defaultConfigurationIsVisible = 0;
			defaultConfigurationName = Release;
		};
/* End XCConfigurationList section */
	};
	rootObject = 84B92A6922F5EE5B0043B283 /* Project object */;
}
