// !$*UTF8*$!
{
	archiveVersion = 1;
	classes = {
	};
	objectVersion = 51;
	objects = {

/* Begin PBXBuildFile section */
		8409E10E23097D92009E1086 /* ChatViewController.swift in Sources */ = {isa = PBXBuildFile; fileRef = 8409E10D23097D92009E1086 /* ChatViewController.swift */; };
		8409E110230A0A70009E1086 /* OutgoingMessage.swift in Sources */ = {isa = PBXBuildFile; fileRef = 8409E10F230A0A70009E1086 /* OutgoingMessage.swift */; };
		8409E112230A134A009E1086 /* IncomingMessages.swift in Sources */ = {isa = PBXBuildFile; fileRef = 8409E111230A134A009E1086 /* IncomingMessages.swift */; };
		842920822304F4AB005160CA /* ProfileViewTableViewController.swift in Sources */ = {isa = PBXBuildFile; fileRef = 842920812304F4AB005160CA /* ProfileViewTableViewController.swift */; };
		847068B522F611E600DCB6BA /* GoogleService-Info.plist in Resources */ = {isa = PBXBuildFile; fileRef = 847068B422F611E600DCB6BA /* GoogleService-Info.plist */; };
		847068B722F6154400DCB6BA /* FUser.swift in Sources */ = {isa = PBXBuildFile; fileRef = 847068B622F6154400DCB6BA /* FUser.swift */; };
		847068B922F615AA00DCB6BA /* Constants.swift in Sources */ = {isa = PBXBuildFile; fileRef = 847068B822F615AA00DCB6BA /* Constants.swift */; };
		847068BB22F6197900DCB6BA /* FCollectionReference.swift in Sources */ = {isa = PBXBuildFile; fileRef = 847068BA22F6197900DCB6BA /* FCollectionReference.swift */; };
		847068BE22F61B4200DCB6BA /* HelperFunctions.swift in Sources */ = {isa = PBXBuildFile; fileRef = 847068BD22F61B4200DCB6BA /* HelperFunctions.swift */; };
		847068C122F68A9700DCB6BA /* FinishRegistrationViewController.swift in Sources */ = {isa = PBXBuildFile; fileRef = 847068C022F68A9700DCB6BA /* FinishRegistrationViewController.swift */; };
		847068C322F6B6F000DCB6BA /* SettingsTableViewController.swift in Sources */ = {isa = PBXBuildFile; fileRef = 847068C222F6B6F000DCB6BA /* SettingsTableViewController.swift */; };
		84B92A7522F5EE5B0043B283 /* AppDelegate.swift in Sources */ = {isa = PBXBuildFile; fileRef = 84B92A7422F5EE5B0043B283 /* AppDelegate.swift */; };
		84B92A7722F5EE5B0043B283 /* LoginViewController.swift in Sources */ = {isa = PBXBuildFile; fileRef = 84B92A7622F5EE5B0043B283 /* LoginViewController.swift */; };
		84B92A7A22F5EE5B0043B283 /* Main.storyboard in Resources */ = {isa = PBXBuildFile; fileRef = 84B92A7822F5EE5B0043B283 /* Main.storyboard */; };
		84B92A7C22F5EE5E0043B283 /* Assets.xcassets in Resources */ = {isa = PBXBuildFile; fileRef = 84B92A7B22F5EE5E0043B283 /* Assets.xcassets */; };
		84B92A7F22F5EE5E0043B283 /* LaunchScreen.storyboard in Resources */ = {isa = PBXBuildFile; fileRef = 84B92A7D22F5EE5E0043B283 /* LaunchScreen.storyboard */; };
		84C7163A23063F5300BE5C52 /* Recent.swift in Sources */ = {isa = PBXBuildFile; fileRef = 84C7163923063F5300BE5C52 /* Recent.swift */; };
		84C7163C23065B8200BE5C52 /* RecentChatsTableViewCell.swift in Sources */ = {isa = PBXBuildFile; fileRef = 84C7163B23065B8200BE5C52 /* RecentChatsTableViewCell.swift */; };
		84D747FB230222BA004AEA88 /* UserTableViewCell.swift in Sources */ = {isa = PBXBuildFile; fileRef = 84D747FA230222BA004AEA88 /* UserTableViewCell.swift */; };
		84D747FD23022D52004AEA88 /* UsersTableViewController.swift in Sources */ = {isa = PBXBuildFile; fileRef = 84D747FC23022D52004AEA88 /* UsersTableViewController.swift */; };
		84D747FF230264A7004AEA88 /* ChatsViewController.swift in Sources */ = {isa = PBXBuildFile; fileRef = 84D747FE230264A7004AEA88 /* ChatsViewController.swift */; };
		DF686270D82318163DD60B1D /* Pods_ShaftChat.framework in Frameworks */ = {isa = PBXBuildFile; fileRef = 892D2A9A729F73808FA0E154 /* Pods_ShaftChat.framework */; };
/* End PBXBuildFile section */

/* Begin PBXFileReference section */
		8409E10D23097D92009E1086 /* ChatViewController.swift */ = {isa = PBXFileReference; lastKnownFileType = sourcecode.swift; path = ChatViewController.swift; sourceTree = "<group>"; };
		8409E10F230A0A70009E1086 /* OutgoingMessage.swift */ = {isa = PBXFileReference; lastKnownFileType = sourcecode.swift; path = OutgoingMessage.swift; sourceTree = "<group>"; };
		8409E111230A134A009E1086 /* IncomingMessages.swift */ = {isa = PBXFileReference; lastKnownFileType = sourcecode.swift; path = IncomingMessages.swift; sourceTree = "<group>"; };
		842920812304F4AB005160CA /* ProfileViewTableViewController.swift */ = {isa = PBXFileReference; lastKnownFileType = sourcecode.swift; path = ProfileViewTableViewController.swift; sourceTree = "<group>"; };
		847068B422F611E600DCB6BA /* GoogleService-Info.plist */ = {isa = PBXFileReference; fileEncoding = 4; lastKnownFileType = text.plist.xml; path = "GoogleService-Info.plist"; sourceTree = "<group>"; };
		847068B622F6154400DCB6BA /* FUser.swift */ = {isa = PBXFileReference; lastKnownFileType = sourcecode.swift; path = FUser.swift; sourceTree = "<group>"; };
		847068B822F615AA00DCB6BA /* Constants.swift */ = {isa = PBXFileReference; fileEncoding = 4; lastKnownFileType = sourcecode.swift; path = Constants.swift; sourceTree = "<group>"; };
		847068BA22F6197900DCB6BA /* FCollectionReference.swift */ = {isa = PBXFileReference; lastKnownFileType = sourcecode.swift; path = FCollectionReference.swift; sourceTree = "<group>"; };
		847068BD22F61B4200DCB6BA /* HelperFunctions.swift */ = {isa = PBXFileReference; lastKnownFileType = sourcecode.swift; path = HelperFunctions.swift; sourceTree = "<group>"; };
		847068C022F68A9700DCB6BA /* FinishRegistrationViewController.swift */ = {isa = PBXFileReference; lastKnownFileType = sourcecode.swift; path = FinishRegistrationViewController.swift; sourceTree = "<group>"; };
		847068C222F6B6F000DCB6BA /* SettingsTableViewController.swift */ = {isa = PBXFileReference; lastKnownFileType = sourcecode.swift; path = SettingsTableViewController.swift; sourceTree = "<group>"; };
		84B92A7122F5EE5B0043B283 /* ShaftChat.app */ = {isa = PBXFileReference; explicitFileType = wrapper.application; includeInIndex = 0; path = ShaftChat.app; sourceTree = BUILT_PRODUCTS_DIR; };
		84B92A7422F5EE5B0043B283 /* AppDelegate.swift */ = {isa = PBXFileReference; lastKnownFileType = sourcecode.swift; path = AppDelegate.swift; sourceTree = "<group>"; };
		84B92A7622F5EE5B0043B283 /* LoginViewController.swift */ = {isa = PBXFileReference; lastKnownFileType = sourcecode.swift; path = LoginViewController.swift; sourceTree = "<group>"; };
		84B92A7922F5EE5B0043B283 /* Base */ = {isa = PBXFileReference; lastKnownFileType = file.storyboard; name = Base; path = Base.lproj/Main.storyboard; sourceTree = "<group>"; };
		84B92A7B22F5EE5E0043B283 /* Assets.xcassets */ = {isa = PBXFileReference; lastKnownFileType = folder.assetcatalog; path = Assets.xcassets; sourceTree = "<group>"; };
		84B92A7E22F5EE5E0043B283 /* Base */ = {isa = PBXFileReference; lastKnownFileType = file.storyboard; name = Base; path = Base.lproj/LaunchScreen.storyboard; sourceTree = "<group>"; };
		84B92A8022F5EE5E0043B283 /* Info.plist */ = {isa = PBXFileReference; lastKnownFileType = text.plist.xml; path = Info.plist; sourceTree = "<group>"; };
		84C7163923063F5300BE5C52 /* Recent.swift */ = {isa = PBXFileReference; lastKnownFileType = sourcecode.swift; path = Recent.swift; sourceTree = "<group>"; };
		84C7163B23065B8200BE5C52 /* RecentChatsTableViewCell.swift */ = {isa = PBXFileReference; lastKnownFileType = sourcecode.swift; path = RecentChatsTableViewCell.swift; sourceTree = "<group>"; };
		84D747FA230222BA004AEA88 /* UserTableViewCell.swift */ = {isa = PBXFileReference; lastKnownFileType = sourcecode.swift; path = UserTableViewCell.swift; sourceTree = "<group>"; };
		84D747FC23022D52004AEA88 /* UsersTableViewController.swift */ = {isa = PBXFileReference; lastKnownFileType = sourcecode.swift; path = UsersTableViewController.swift; sourceTree = "<group>"; };
		84D747FE230264A7004AEA88 /* ChatsViewController.swift */ = {isa = PBXFileReference; lastKnownFileType = sourcecode.swift; path = ChatsViewController.swift; sourceTree = "<group>"; };
		892D2A9A729F73808FA0E154 /* Pods_ShaftChat.framework */ = {isa = PBXFileReference; explicitFileType = wrapper.framework; includeInIndex = 0; path = Pods_ShaftChat.framework; sourceTree = BUILT_PRODUCTS_DIR; };
		BB62FAC940888D62C29AF90B /* Pods-ShaftChat.release.xcconfig */ = {isa = PBXFileReference; includeInIndex = 1; lastKnownFileType = text.xcconfig; name = "Pods-ShaftChat.release.xcconfig"; path = "Target Support Files/Pods-ShaftChat/Pods-ShaftChat.release.xcconfig"; sourceTree = "<group>"; };
		FD8455D6133335625B9C3D2E /* Pods-ShaftChat.debug.xcconfig */ = {isa = PBXFileReference; includeInIndex = 1; lastKnownFileType = text.xcconfig; name = "Pods-ShaftChat.debug.xcconfig"; path = "Target Support Files/Pods-ShaftChat/Pods-ShaftChat.debug.xcconfig"; sourceTree = "<group>"; };
/* End PBXFileReference section */

/* Begin PBXFrameworksBuildPhase section */
		84B92A6E22F5EE5B0043B283 /* Frameworks */ = {
			isa = PBXFrameworksBuildPhase;
			buildActionMask = 2147483647;
			files = (
				DF686270D82318163DD60B1D /* Pods_ShaftChat.framework in Frameworks */,
			);
			runOnlyForDeploymentPostprocessing = 0;
		};
/* End PBXFrameworksBuildPhase section */

/* Begin PBXGroup section */
		1F360530B4A4302ED3F40365 /* Frameworks */ = {
			isa = PBXGroup;
			children = (
				892D2A9A729F73808FA0E154 /* Pods_ShaftChat.framework */,
			);
			name = Frameworks;
			sourceTree = "<group>";
		};
		63A210F6053900032E21AADC /* Pods */ = {
			isa = PBXGroup;
			children = (
				FD8455D6133335625B9C3D2E /* Pods-ShaftChat.debug.xcconfig */,
				BB62FAC940888D62C29AF90B /* Pods-ShaftChat.release.xcconfig */,
			);
			path = Pods;
			sourceTree = "<group>";
		};
		847068BF22F68A5500DCB6BA /* Helpers */ = {
			isa = PBXGroup;
			children = (
				847068B822F615AA00DCB6BA /* Constants.swift */,
				847068BA22F6197900DCB6BA /* FCollectionReference.swift */,
				847068BD22F61B4200DCB6BA /* HelperFunctions.swift */,
			);
			path = Helpers;
			sourceTree = "<group>";
		};
		84B92A6822F5EE5B0043B283 = {
			isa = PBXGroup;
			children = (
				84B92A7322F5EE5B0043B283 /* ShaftChat */,
				84B92A7222F5EE5B0043B283 /* Products */,
				63A210F6053900032E21AADC /* Pods */,
				1F360530B4A4302ED3F40365 /* Frameworks */,
			);
			sourceTree = "<group>";
		};
		84B92A7222F5EE5B0043B283 /* Products */ = {
			isa = PBXGroup;
			children = (
				84B92A7122F5EE5B0043B283 /* ShaftChat.app */,
			);
			name = Products;
			sourceTree = "<group>";
		};
		84B92A7322F5EE5B0043B283 /* ShaftChat */ = {
			isa = PBXGroup;
			children = (
				847068BF22F68A5500DCB6BA /* Helpers */,
				84B92A8622F5EE710043B283 /* Models */,
				84B92A8722F5EE780043B283 /* CustomCells */,
				84B92A8822F5EE8C0043B283 /* ViewControllers */,
				84B92A7422F5EE5B0043B283 /* AppDelegate.swift */,
				84B92A7822F5EE5B0043B283 /* Main.storyboard */,
				84B92A7B22F5EE5E0043B283 /* Assets.xcassets */,
				84B92A7D22F5EE5E0043B283 /* LaunchScreen.storyboard */,
				84B92A8022F5EE5E0043B283 /* Info.plist */,
				847068B422F611E600DCB6BA /* GoogleService-Info.plist */,
			);
			path = ShaftChat;
			sourceTree = "<group>";
		};
		84B92A8622F5EE710043B283 /* Models */ = {
			isa = PBXGroup;
			children = (
				847068B622F6154400DCB6BA /* FUser.swift */,
				84C7163923063F5300BE5C52 /* Recent.swift */,
				8409E10F230A0A70009E1086 /* OutgoingMessage.swift */,
				8409E111230A134A009E1086 /* IncomingMessages.swift */,
			);
			path = Models;
			sourceTree = "<group>";
		};
		84B92A8722F5EE780043B283 /* CustomCells */ = {
			isa = PBXGroup;
			children = (
				84D747FA230222BA004AEA88 /* UserTableViewCell.swift */,
				84C7163B23065B8200BE5C52 /* RecentChatsTableViewCell.swift */,
			);
			path = CustomCells;
			sourceTree = "<group>";
		};
		84B92A8822F5EE8C0043B283 /* ViewControllers */ = {
			isa = PBXGroup;
			children = (
				84B92A7622F5EE5B0043B283 /* LoginViewController.swift */,
				847068C022F68A9700DCB6BA /* FinishRegistrationViewController.swift */,
				847068C222F6B6F000DCB6BA /* SettingsTableViewController.swift */,
				84D747FC23022D52004AEA88 /* UsersTableViewController.swift */,
				84D747FE230264A7004AEA88 /* ChatsViewController.swift */,
				842920812304F4AB005160CA /* ProfileViewTableViewController.swift */,
				8409E10D23097D92009E1086 /* ChatViewController.swift */,
			);
			path = ViewControllers;
			sourceTree = "<group>";
		};
/* End PBXGroup section */

/* Begin PBXNativeTarget section */
		84B92A7022F5EE5B0043B283 /* ShaftChat */ = {
			isa = PBXNativeTarget;
			buildConfigurationList = 84B92A8322F5EE5E0043B283 /* Build configuration list for PBXNativeTarget "ShaftChat" */;
			buildPhases = (
				EE03BE089E9374EA43472C6C /* [CP] Check Pods Manifest.lock */,
				84B92A6D22F5EE5B0043B283 /* Sources */,
				84B92A6E22F5EE5B0043B283 /* Frameworks */,
				84B92A6F22F5EE5B0043B283 /* Resources */,
				B2DC285C83439D2183B599E9 /* [CP] Embed Pods Frameworks */,
			);
			buildRules = (
			);
			dependencies = (
			);
			name = ShaftChat;
			productName = ShaftChat;
			productReference = 84B92A7122F5EE5B0043B283 /* ShaftChat.app */;
			productType = "com.apple.product-type.application";
		};
/* End PBXNativeTarget section */

/* Begin PBXProject section */
		84B92A6922F5EE5B0043B283 /* Project object */ = {
			isa = PBXProject;
			attributes = {
				LastSwiftUpdateCheck = 1020;
				LastUpgradeCheck = 1020;
				ORGANIZATIONNAME = "Shaft Corporation";
				TargetAttributes = {
					84B92A7022F5EE5B0043B283 = {
						CreatedOnToolsVersion = 10.2.1;
					};
				};
			};
			buildConfigurationList = 84B92A6C22F5EE5B0043B283 /* Build configuration list for PBXProject "ShaftChat" */;
			compatibilityVersion = "Xcode 9.3";
			developmentRegion = en;
			hasScannedForEncodings = 0;
			knownRegions = (
				en,
				Base,
			);
			mainGroup = 84B92A6822F5EE5B0043B283;
			productRefGroup = 84B92A7222F5EE5B0043B283 /* Products */;
			projectDirPath = "";
			projectRoot = "";
			targets = (
				84B92A7022F5EE5B0043B283 /* ShaftChat */,
			);
		};
/* End PBXProject section */

/* Begin PBXResourcesBuildPhase section */
		84B92A6F22F5EE5B0043B283 /* Resources */ = {
			isa = PBXResourcesBuildPhase;
			buildActionMask = 2147483647;
			files = (
				84B92A7F22F5EE5E0043B283 /* LaunchScreen.storyboard in Resources */,
				847068B522F611E600DCB6BA /* GoogleService-Info.plist in Resources */,
				84B92A7C22F5EE5E0043B283 /* Assets.xcassets in Resources */,
				84B92A7A22F5EE5B0043B283 /* Main.storyboard in Resources */,
			);
			runOnlyForDeploymentPostprocessing = 0;
		};
/* End PBXResourcesBuildPhase section */

/* Begin PBXShellScriptBuildPhase section */
		B2DC285C83439D2183B599E9 /* [CP] Embed Pods Frameworks */ = {
			isa = PBXShellScriptBuildPhase;
			buildActionMask = 2147483647;
			files = (
			);
			inputFileListPaths = (
				"${PODS_ROOT}/Target Support Files/Pods-ShaftChat/Pods-ShaftChat-frameworks-${CONFIGURATION}-input-files.xcfilelist",
			);
			name = "[CP] Embed Pods Frameworks";
			outputFileListPaths = (
				"${PODS_ROOT}/Target Support Files/Pods-ShaftChat/Pods-ShaftChat-frameworks-${CONFIGURATION}-output-files.xcfilelist",
			);
			runOnlyForDeploymentPostprocessing = 0;
			shellPath = /bin/sh;
			shellScript = "\"${PODS_ROOT}/Target Support Files/Pods-ShaftChat/Pods-ShaftChat-frameworks.sh\"\n";
			showEnvVarsInLog = 0;
		};
		EE03BE089E9374EA43472C6C /* [CP] Check Pods Manifest.lock */ = {
			isa = PBXShellScriptBuildPhase;
			buildActionMask = 2147483647;
			files = (
			);
			inputFileListPaths = (
			);
			inputPaths = (
				"${PODS_PODFILE_DIR_PATH}/Podfile.lock",
				"${PODS_ROOT}/Manifest.lock",
			);
			name = "[CP] Check Pods Manifest.lock";
			outputFileListPaths = (
			);
			outputPaths = (
				"$(DERIVED_FILE_DIR)/Pods-ShaftChat-checkManifestLockResult.txt",
			);
			runOnlyForDeploymentPostprocessing = 0;
			shellPath = /bin/sh;
			shellScript = "diff \"${PODS_PODFILE_DIR_PATH}/Podfile.lock\" \"${PODS_ROOT}/Manifest.lock\" > /dev/null\nif [ $? != 0 ] ; then\n    # print error to STDERR\n    echo \"error: The sandbox is not in sync with the Podfile.lock. Run 'pod install' or update your CocoaPods installation.\" >&2\n    exit 1\nfi\n# This output is used by Xcode 'outputs' to avoid re-running this script phase.\necho \"SUCCESS\" > \"${SCRIPT_OUTPUT_FILE_0}\"\n";
			showEnvVarsInLog = 0;
		};
/* End PBXShellScriptBuildPhase section */

/* Begin PBXSourcesBuildPhase section */
		84B92A6D22F5EE5B0043B283 /* Sources */ = {
			isa = PBXSourcesBuildPhase;
			buildActionMask = 2147483647;
			files = (
				84C7163C23065B8200BE5C52 /* RecentChatsTableViewCell.swift in Sources */,
				8409E110230A0A70009E1086 /* OutgoingMessage.swift in Sources */,
				847068B722F6154400DCB6BA /* FUser.swift in Sources */,
				84C7163A23063F5300BE5C52 /* Recent.swift in Sources */,
				8409E112230A134A009E1086 /* IncomingMessages.swift in Sources */,
				84D747FB230222BA004AEA88 /* UserTableViewCell.swift in Sources */,
				842920822304F4AB005160CA /* ProfileViewTableViewController.swift in Sources */,
				84B92A7722F5EE5B0043B283 /* LoginViewController.swift in Sources */,
				847068BB22F6197900DCB6BA /* FCollectionReference.swift in Sources */,
				84B92A7522F5EE5B0043B283 /* AppDelegate.swift in Sources */,
				847068C322F6B6F000DCB6BA /* SettingsTableViewController.swift in Sources */,
				84D747FF230264A7004AEA88 /* ChatsViewController.swift in Sources */,
				847068B922F615AA00DCB6BA /* Constants.swift in Sources */,
				847068C122F68A9700DCB6BA /* FinishRegistrationViewController.swift in Sources */,
				84D747FD23022D52004AEA88 /* UsersTableViewController.swift in Sources */,
				8409E10E23097D92009E1086 /* ChatViewController.swift in Sources */,
				847068BE22F61B4200DCB6BA /* HelperFunctions.swift in Sources */,
			);
			runOnlyForDeploymentPostprocessing = 0;
		};
/* End PBXSourcesBuildPhase section */

/* Begin PBXVariantGroup section */
		84B92A7822F5EE5B0043B283 /* Main.storyboard */ = {
			isa = PBXVariantGroup;
			children = (
				84B92A7922F5EE5B0043B283 /* Base */,
			);
			name = Main.storyboard;
			sourceTree = "<group>";
		};
		84B92A7D22F5EE5E0043B283 /* LaunchScreen.storyboard */ = {
			isa = PBXVariantGroup;
			children = (
				84B92A7E22F5EE5E0043B283 /* Base */,
			);
			name = LaunchScreen.storyboard;
			sourceTree = "<group>";
		};
/* End PBXVariantGroup section */

/* Begin XCBuildConfiguration section */
		84B92A8122F5EE5E0043B283 /* Debug */ = {
			isa = XCBuildConfiguration;
			buildSettings = {
				ALWAYS_SEARCH_USER_PATHS = NO;
				CLANG_ANALYZER_NONNULL = YES;
				CLANG_ANALYZER_NUMBER_OBJECT_CONVERSION = YES_AGGRESSIVE;
				CLANG_CXX_LANGUAGE_STANDARD = "gnu++14";
				CLANG_CXX_LIBRARY = "libc++";
				CLANG_ENABLE_MODULES = YES;
				CLANG_ENABLE_OBJC_ARC = YES;
				CLANG_ENABLE_OBJC_WEAK = YES;
				CLANG_WARN_BLOCK_CAPTURE_AUTORELEASING = YES;
				CLANG_WARN_BOOL_CONVERSION = YES;
				CLANG_WARN_COMMA = YES;
				CLANG_WARN_CONSTANT_CONVERSION = YES;
				CLANG_WARN_DEPRECATED_OBJC_IMPLEMENTATIONS = YES;
				CLANG_WARN_DIRECT_OBJC_ISA_USAGE = YES_ERROR;
				CLANG_WARN_DOCUMENTATION_COMMENTS = YES;
				CLANG_WARN_EMPTY_BODY = YES;
				CLANG_WARN_ENUM_CONVERSION = YES;
				CLANG_WARN_INFINITE_RECURSION = YES;
				CLANG_WARN_INT_CONVERSION = YES;
				CLANG_WARN_NON_LITERAL_NULL_CONVERSION = YES;
				CLANG_WARN_OBJC_IMPLICIT_RETAIN_SELF = YES;
				CLANG_WARN_OBJC_LITERAL_CONVERSION = YES;
				CLANG_WARN_OBJC_ROOT_CLASS = YES_ERROR;
				CLANG_WARN_RANGE_LOOP_ANALYSIS = YES;
				CLANG_WARN_STRICT_PROTOTYPES = YES;
				CLANG_WARN_SUSPICIOUS_MOVE = YES;
				CLANG_WARN_UNGUARDED_AVAILABILITY = YES_AGGRESSIVE;
				CLANG_WARN_UNREACHABLE_CODE = YES;
				CLANG_WARN__DUPLICATE_METHOD_MATCH = YES;
				CODE_SIGN_IDENTITY = "iPhone Developer";
				COPY_PHASE_STRIP = NO;
				DEBUG_INFORMATION_FORMAT = dwarf;
				ENABLE_STRICT_OBJC_MSGSEND = YES;
				ENABLE_TESTABILITY = YES;
				GCC_C_LANGUAGE_STANDARD = gnu11;
				GCC_DYNAMIC_NO_PIC = NO;
				GCC_NO_COMMON_BLOCKS = YES;
				GCC_OPTIMIZATION_LEVEL = 0;
				GCC_PREPROCESSOR_DEFINITIONS = (
					"DEBUG=1",
					"$(inherited)",
				);
				GCC_WARN_64_TO_32_BIT_CONVERSION = YES;
				GCC_WARN_ABOUT_RETURN_TYPE = YES_ERROR;
				GCC_WARN_UNDECLARED_SELECTOR = YES;
				GCC_WARN_UNINITIALIZED_AUTOS = YES_AGGRESSIVE;
				GCC_WARN_UNUSED_FUNCTION = YES;
				GCC_WARN_UNUSED_VARIABLE = YES;
				IPHONEOS_DEPLOYMENT_TARGET = 12.2;
				MTL_ENABLE_DEBUG_INFO = INCLUDE_SOURCE;
				MTL_FAST_MATH = YES;
				ONLY_ACTIVE_ARCH = YES;
				SDKROOT = iphoneos;
				SWIFT_ACTIVE_COMPILATION_CONDITIONS = DEBUG;
				SWIFT_OPTIMIZATION_LEVEL = "-Onone";
			};
			name = Debug;
		};
		84B92A8222F5EE5E0043B283 /* Release */ = {
			isa = XCBuildConfiguration;
			buildSettings = {
				ALWAYS_SEARCH_USER_PATHS = NO;
				CLANG_ANALYZER_NONNULL = YES;
				CLANG_ANALYZER_NUMBER_OBJECT_CONVERSION = YES_AGGRESSIVE;
				CLANG_CXX_LANGUAGE_STANDARD = "gnu++14";
				CLANG_CXX_LIBRARY = "libc++";
				CLANG_ENABLE_MODULES = YES;
				CLANG_ENABLE_OBJC_ARC = YES;
				CLANG_ENABLE_OBJC_WEAK = YES;
				CLANG_WARN_BLOCK_CAPTURE_AUTORELEASING = YES;
				CLANG_WARN_BOOL_CONVERSION = YES;
				CLANG_WARN_COMMA = YES;
				CLANG_WARN_CONSTANT_CONVERSION = YES;
				CLANG_WARN_DEPRECATED_OBJC_IMPLEMENTATIONS = YES;
				CLANG_WARN_DIRECT_OBJC_ISA_USAGE = YES_ERROR;
				CLANG_WARN_DOCUMENTATION_COMMENTS = YES;
				CLANG_WARN_EMPTY_BODY = YES;
				CLANG_WARN_ENUM_CONVERSION = YES;
				CLANG_WARN_INFINITE_RECURSION = YES;
				CLANG_WARN_INT_CONVERSION = YES;
				CLANG_WARN_NON_LITERAL_NULL_CONVERSION = YES;
				CLANG_WARN_OBJC_IMPLICIT_RETAIN_SELF = YES;
				CLANG_WARN_OBJC_LITERAL_CONVERSION = YES;
				CLANG_WARN_OBJC_ROOT_CLASS = YES_ERROR;
				CLANG_WARN_RANGE_LOOP_ANALYSIS = YES;
				CLANG_WARN_STRICT_PROTOTYPES = YES;
				CLANG_WARN_SUSPICIOUS_MOVE = YES;
				CLANG_WARN_UNGUARDED_AVAILABILITY = YES_AGGRESSIVE;
				CLANG_WARN_UNREACHABLE_CODE = YES;
				CLANG_WARN__DUPLICATE_METHOD_MATCH = YES;
				CODE_SIGN_IDENTITY = "iPhone Developer";
				COPY_PHASE_STRIP = NO;
				DEBUG_INFORMATION_FORMAT = "dwarf-with-dsym";
				ENABLE_NS_ASSERTIONS = NO;
				ENABLE_STRICT_OBJC_MSGSEND = YES;
				GCC_C_LANGUAGE_STANDARD = gnu11;
				GCC_NO_COMMON_BLOCKS = YES;
				GCC_WARN_64_TO_32_BIT_CONVERSION = YES;
				GCC_WARN_ABOUT_RETURN_TYPE = YES_ERROR;
				GCC_WARN_UNDECLARED_SELECTOR = YES;
				GCC_WARN_UNINITIALIZED_AUTOS = YES_AGGRESSIVE;
				GCC_WARN_UNUSED_FUNCTION = YES;
				GCC_WARN_UNUSED_VARIABLE = YES;
				IPHONEOS_DEPLOYMENT_TARGET = 12.2;
				MTL_ENABLE_DEBUG_INFO = NO;
				MTL_FAST_MATH = YES;
				SDKROOT = iphoneos;
				SWIFT_COMPILATION_MODE = wholemodule;
				SWIFT_OPTIMIZATION_LEVEL = "-O";
				VALIDATE_PRODUCT = YES;
			};
			name = Release;
		};
		84B92A8422F5EE5E0043B283 /* Debug */ = {
			isa = XCBuildConfiguration;
			baseConfigurationReference = FD8455D6133335625B9C3D2E /* Pods-ShaftChat.debug.xcconfig */;
			buildSettings = {
				ASSETCATALOG_COMPILER_APPICON_NAME = AppIcon;
				CODE_SIGN_STYLE = Automatic;
				DEVELOPMENT_TEAM = E8VNZ48Y42;
				INFOPLIST_FILE = ShaftChat/Info.plist;
				LD_RUNPATH_SEARCH_PATHS = (
					"$(inherited)",
					"@executable_path/Frameworks",
				);
				PRODUCT_BUNDLE_IDENTIFIER = com.shaft7.ShaftChat;
				PRODUCT_NAME = "$(TARGET_NAME)";
				SWIFT_VERSION = 5.0;
				TARGETED_DEVICE_FAMILY = "1,2";
			};
			name = Debug;
		};
		84B92A8522F5EE5E0043B283 /* Release */ = {
			isa = XCBuildConfiguration;
			baseConfigurationReference = BB62FAC940888D62C29AF90B /* Pods-ShaftChat.release.xcconfig */;
			buildSettings = {
				ASSETCATALOG_COMPILER_APPICON_NAME = AppIcon;
				CODE_SIGN_STYLE = Automatic;
				DEVELOPMENT_TEAM = E8VNZ48Y42;
				INFOPLIST_FILE = ShaftChat/Info.plist;
				LD_RUNPATH_SEARCH_PATHS = (
					"$(inherited)",
					"@executable_path/Frameworks",
				);
				PRODUCT_BUNDLE_IDENTIFIER = com.shaft7.ShaftChat;
				PRODUCT_NAME = "$(TARGET_NAME)";
				SWIFT_VERSION = 5.0;
				TARGETED_DEVICE_FAMILY = "1,2";
			};
			name = Release;
		};
/* End XCBuildConfiguration section */

/* Begin XCConfigurationList section */
		84B92A6C22F5EE5B0043B283 /* Build configuration list for PBXProject "ShaftChat" */ = {
			isa = XCConfigurationList;
			buildConfigurations = (
				84B92A8122F5EE5E0043B283 /* Debug */,
				84B92A8222F5EE5E0043B283 /* Release */,
			);
			defaultConfigurationIsVisible = 0;
			defaultConfigurationName = Release;
		};
		84B92A8322F5EE5E0043B283 /* Build configuration list for PBXNativeTarget "ShaftChat" */ = {
			isa = XCConfigurationList;
			buildConfigurations = (
				84B92A8422F5EE5E0043B283 /* Debug */,
				84B92A8522F5EE5E0043B283 /* Release */,
			);
			defaultConfigurationIsVisible = 0;
			defaultConfigurationName = Release;
		};
/* End XCConfigurationList section */
	};
	rootObject = 84B92A6922F5EE5B0043B283 /* Project object */;
}
